
Microsoft Visual Studio Solution File, Format Version 12.00
# Visual Studio 15
Project("{FAE04EC0-301F-11D3-BF4B-00C04F79EFBC}") = "Assembly-CSharp", "Assembly-CSharp.csproj", "{8154B4D1-81DC-4738-3C4D-59599A4BD437}"
EndProject
Project("{FAE04EC0-301F-11D3-BF4B-00C04F79EFBC}") = "Assembly-CSharp-Editor", "Assembly-CSharp-Editor.csproj", "{94213358-4C6B-C5DE-BD38-C7A34D42F150}"
EndProject
Global
	GlobalSection(SolutionConfigurationPlatforms) = preSolution
		Debug|Any CPU = Debug|Any CPU
		Release|Any CPU = Release|Any CPU
	EndGlobalSection
	GlobalSection(ProjectConfigurationPlatforms) = postSolution
		{8154B4D1-81DC-4738-3C4D-59599A4BD437}.Debug|Any CPU.ActiveCfg = Debug|Any CPU
		{8154B4D1-81DC-4738-3C4D-59599A4BD437}.Debug|Any CPU.Build.0 = Debug|Any CPU
		{8154B4D1-81DC-4738-3C4D-59599A4BD437}.Release|Any CPU.ActiveCfg = Release|Any CPU
		{8154B4D1-81DC-4738-3C4D-59599A4BD437}.Release|Any CPU.Build.0 = Release|Any CPU
		{94213358-4C6B-C5DE-BD38-C7A34D42F150}.Debug|Any CPU.ActiveCfg = Debug|Any CPU
		{94213358-4C6B-C5DE-BD38-C7A34D42F150}.Debug|Any CPU.Build.0 = Debug|Any CPU
		{94213358-4C6B-C5DE-BD38-C7A34D42F150}.Release|Any CPU.ActiveCfg = Release|Any CPU
		{94213358-4C6B-C5DE-BD38-C7A34D42F150}.Release|Any CPU.Build.0 = Release|Any CPU
	EndGlobalSection
	GlobalSection(SolutionProperties) = preSolution
		HideSolutionNode = FALSE
	EndGlobalSection
EndGlobal
